
Microsoft Visual Studio Solution File, Format Version 12.00
# Visual Studio Version 17
VisualStudioVersion = 17.3.32929.385
MinimumVisualStudioVersion = 10.0.40219.1
Project("{FAE04EC0-301F-11D3-BF4B-00C04F79EFBC}") = "MyCodeFirst", "MyCodeFirst\MyCodeFirst.csproj", "{3919A845-6BED-4D20-B92E-00DE30D8D896}"
EndProject
Global
	GlobalSection(SolutionConfigurationPlatforms) = preSolution
		Debug|Any CPU = Debug|Any CPU
		Release|Any CPU = Release|Any CPU
	EndGlobalSection
	GlobalSection(ProjectConfigurationPlatforms) = postSolution
		{3919A845-6BED-4D20-B92E-00DE30D8D896}.Debug|Any CPU.ActiveCfg = Debug|Any CPU
		{3919A845-6BED-4D20-B92E-00DE30D8D896}.Debug|Any CPU.Build.0 = Debug|Any CPU
		{3919A845-6BED-4D20-B92E-00DE30D8D896}.Release|Any CPU.ActiveCfg = Release|Any CPU
		{3919A845-6BED-4D20-B92E-00DE30D8D896}.Release|Any CPU.Build.0 = Release|Any CPU
	EndGlobalSection
	GlobalSection(SolutionProperties) = preSolution
		HideSolutionNode = FALSE
	EndGlobalSection
	GlobalSection(ExtensibilityGlobals) = postSolution
		SolutionGuid = {547987FD-F3F2-4160-BB8F-079594DE4824}
	EndGlobalSection
EndGlobal
